
Microsoft Visual Studio Solution File, Format Version 12.00
# Visual Studio Version 17
VisualStudioVersion = 17.8.34330.188
MinimumVisualStudioVersion = 10.0.40219.1
Project("{2150E333-8FDC-42A3-9474-1A3956D46DE8}") = "Services", "Services", "{CAAEE30D-C88C-44DC-B13E-C0123808C091}"
EndProject
Project("{2150E333-8FDC-42A3-9474-1A3956D46DE8}") = "Catalog", "Catalog", "{A66B1899-9B02-424F-9E1F-D1BBBC512669}"
EndProject
Project("{9A19103F-16F7-4668-BE54-9A1E7A4F7556}") = "Catalog.API", "Services\Catalog\Catalog.API\Catalog.API.csproj", "{0E1ED41D-6EBB-4BDD-B119-839C080F8DC5}"
EndProject
Project("{2150E333-8FDC-42A3-9474-1A3956D46DE8}") = "BuildingBlocks", "BuildingBlocks", "{D9A105AC-A159-4BBA-ABE0-32505CE1E3D5}"
EndProject
Project("{9A19103F-16F7-4668-BE54-9A1E7A4F7556}") = "BuildingBlocks", "BuildingBlocks\BuildingBlocks\BuildingBlocks.csproj", "{A2BA9663-D14C-4C96-A41B-D5F565BDBAA7}"
EndProject
Project("{E53339B2-1760-4266-BCC7-CA923CBCF16C}") = "docker-compose", "docker-compose.dcproj", "{F7E6ABB1-84E8-441C-AD18-7B69B72BD2DD}"
EndProject
Project("{2150E333-8FDC-42A3-9474-1A3956D46DE8}") = "Basket", "Basket", "{0A5B83B2-4C78-4364-8AF2-07ACAA5C9A00}"
EndProject
Project("{9A19103F-16F7-4668-BE54-9A1E7A4F7556}") = "Basket.API", "Services\Basket\Basket.API\Basket.API.csproj", "{CC163F47-D4F8-420B-ACE7-1FC9F185AB87}"
EndProject
Project("{2150E333-8FDC-42A3-9474-1A3956D46DE8}") = "Discount", "Discount", "{F9E845E7-81E5-4E8C-B231-004D590B2665}"
EndProject
Project("{9A19103F-16F7-4668-BE54-9A1E7A4F7556}") = "Discount.Grpc", "Services\Discount\Discount.Grpc\Discount.Grpc.csproj", "{D4254754-D9CC-4D7F-B1C8-BE3FB2378BFD}"
EndProject
Project("{2150E333-8FDC-42A3-9474-1A3956D46DE8}") = "Ordering", "Ordering", "{7A445B88-E9B1-4041-8C7F-3E28E15F972F}"
EndProject
Project("{9A19103F-16F7-4668-BE54-9A1E7A4F7556}") = "Ordering.API", "Services\Ordering\Ordering.API\Ordering.API.csproj", "{ED319350-FF4A-49F9-AA1F-672A74EB6F77}"
EndProject
Project("{9A19103F-16F7-4668-BE54-9A1E7A4F7556}") = "Ordering.Domain", "Services\Ordering\Ordering.Domain\Ordering.Domain.csproj", "{6D6CF89D-2A49-41BA-91EA-8AD04384B99C}"
EndProject
Project("{9A19103F-16F7-4668-BE54-9A1E7A4F7556}") = "Ordering.Infrastructure", "Services\Ordering\Ordering.Infrastructure\Ordering.Infrastructure.csproj", "{63785133-BB4D-4597-AF1F-AE05283C93C3}"
EndProject
Project("{9A19103F-16F7-4668-BE54-9A1E7A4F7556}") = "Ordering.Application", "Services\Ordering\Ordering.Application\Ordering.Application.csproj", "{64CBA6B4-A57B-4F49-96A4-D75CBC2726CF}"
EndProject
Project("{9A19103F-16F7-4668-BE54-9A1E7A4F7556}") = "BuildingBlocks.Messaging", "BuildingBlocks\BuildingBlocks.Messaging\BuildingBlocks.Messaging.csproj", "{DD9EA9DF-531E-4353-B941-1831A0F19917}"
EndProject
Project("{2150E333-8FDC-42A3-9474-1A3956D46DE8}") = "ApiGateways", "ApiGateways", "{FE01113C-B30E-478D-82F1-53C05A1DB449}"
EndProject
Project("{9A19103F-16F7-4668-BE54-9A1E7A4F7556}") = "YarpApiGateway", "ApiGateways\YarpApiGateway\YarpApiGateway.csproj", "{CA325440-46C0-49E0-9612-54A715FE1BCE}"
EndProject
Project("{2150E333-8FDC-42A3-9474-1A3956D46DE8}") = "WebApps", "WebApps", "{BC45E5CB-C70B-4186-8C70-98988CE91CA7}"
EndProject
Project("{9A19103F-16F7-4668-BE54-9A1E7A4F7556}") = "Shopping.Web", "WebApps\Shopping.Web\Shopping.Web.csproj", "{BAD4D40A-E3F7-442D-BE1E-792987D1B53F}"
EndProject
Global
	GlobalSection(SolutionConfigurationPlatforms) = preSolution
		Debug|Any CPU = Debug|Any CPU
		Release|Any CPU = Release|Any CPU
	EndGlobalSection
	GlobalSection(ProjectConfigurationPlatforms) = postSolution
		{0E1ED41D-6EBB-4BDD-B119-839C080F8DC5}.Debug|Any CPU.ActiveCfg = Debug|Any CPU
		{0E1ED41D-6EBB-4BDD-B119-839C080F8DC5}.Debug|Any CPU.Build.0 = Debug|Any CPU
		{0E1ED41D-6EBB-4BDD-B119-839C080F8DC5}.Release|Any CPU.ActiveCfg = Release|Any CPU
		{0E1ED41D-6EBB-4BDD-B119-839C080F8DC5}.Release|Any CPU.Build.0 = Release|Any CPU
		{A2BA9663-D14C-4C96-A41B-D5F565BDBAA7}.Debug|Any CPU.ActiveCfg = Debug|Any CPU
		{A2BA9663-D14C-4C96-A41B-D5F565BDBAA7}.Debug|Any CPU.Build.0 = Debug|Any CPU
		{A2BA9663-D14C-4C96-A41B-D5F565BDBAA7}.Release|Any CPU.ActiveCfg = Release|Any CPU
		{A2BA9663-D14C-4C96-A41B-D5F565BDBAA7}.Release|Any CPU.Build.0 = Release|Any CPU
		{F7E6ABB1-84E8-441C-AD18-7B69B72BD2DD}.Debug|Any CPU.ActiveCfg = Debug|Any CPU
		{F7E6ABB1-84E8-441C-AD18-7B69B72BD2DD}.Debug|Any CPU.Build.0 = Debug|Any CPU
		{F7E6ABB1-84E8-441C-AD18-7B69B72BD2DD}.Release|Any CPU.ActiveCfg = Release|Any CPU
		{F7E6ABB1-84E8-441C-AD18-7B69B72BD2DD}.Release|Any CPU.Build.0 = Release|Any CPU
		{CC163F47-D4F8-420B-ACE7-1FC9F185AB87}.Debug|Any CPU.ActiveCfg = Debug|Any CPU
		{CC163F47-D4F8-420B-ACE7-1FC9F185AB87}.Debug|Any CPU.Build.0 = Debug|Any CPU
		{CC163F47-D4F8-420B-ACE7-1FC9F185AB87}.Release|Any CPU.ActiveCfg = Release|Any CPU
		{CC163F47-D4F8-420B-ACE7-1FC9F185AB87}.Release|Any CPU.Build.0 = Release|Any CPU
		{D4254754-D9CC-4D7F-B1C8-BE3FB2378BFD}.Debug|Any CPU.ActiveCfg = Debug|Any CPU
		{D4254754-D9CC-4D7F-B1C8-BE3FB2378BFD}.Debug|Any CPU.Build.0 = Debug|Any CPU
		{D4254754-D9CC-4D7F-B1C8-BE3FB2378BFD}.Release|Any CPU.ActiveCfg = Release|Any CPU
		{D4254754-D9CC-4D7F-B1C8-BE3FB2378BFD}.Release|Any CPU.Build.0 = Release|Any CPU
		{ED319350-FF4A-49F9-AA1F-672A74EB6F77}.Debug|Any CPU.ActiveCfg = Debug|Any CPU
		{ED319350-FF4A-49F9-AA1F-672A74EB6F77}.Debug|Any CPU.Build.0 = Debug|Any CPU
		{ED319350-FF4A-49F9-AA1F-672A74EB6F77}.Release|Any CPU.ActiveCfg = Release|Any CPU
		{ED319350-FF4A-49F9-AA1F-672A74EB6F77}.Release|Any CPU.Build.0 = Release|Any CPU
		{6D6CF89D-2A49-41BA-91EA-8AD04384B99C}.Debug|Any CPU.ActiveCfg = Debug|Any CPU
		{6D6CF89D-2A49-41BA-91EA-8AD04384B99C}.Debug|Any CPU.Build.0 = Debug|Any CPU
		{6D6CF89D-2A49-41BA-91EA-8AD04384B99C}.Release|Any CPU.ActiveCfg = Release|Any CPU
		{6D6CF89D-2A49-41BA-91EA-8AD04384B99C}.Release|Any CPU.Build.0 = Release|Any CPU
		{63785133-BB4D-4597-AF1F-AE05283C93C3}.Debug|Any CPU.ActiveCfg = Debug|Any CPU
		{63785133-BB4D-4597-AF1F-AE05283C93C3}.Debug|Any CPU.Build.0 = Debug|Any CPU
		{63785133-BB4D-4597-AF1F-AE05283C93C3}.Release|Any CPU.ActiveCfg = Release|Any CPU
		{63785133-BB4D-4597-AF1F-AE05283C93C3}.Release|Any CPU.Build.0 = Release|Any CPU
		{64CBA6B4-A57B-4F49-96A4-D75CBC2726CF}.Debug|Any CPU.ActiveCfg = Debug|Any CPU
		{64CBA6B4-A57B-4F49-96A4-D75CBC2726CF}.Debug|Any CPU.Build.0 = Debug|Any CPU
		{64CBA6B4-A57B-4F49-96A4-D75CBC2726CF}.Release|Any CPU.ActiveCfg = Release|Any CPU
		{64CBA6B4-A57B-4F49-96A4-D75CBC2726CF}.Release|Any CPU.Build.0 = Release|Any CPU
		{DD9EA9DF-531E-4353-B941-1831A0F19917}.Debug|Any CPU.ActiveCfg = Debug|Any CPU
		{DD9EA9DF-531E-4353-B941-1831A0F19917}.Debug|Any CPU.Build.0 = Debug|Any CPU
		{DD9EA9DF-531E-4353-B941-1831A0F19917}.Release|Any CPU.ActiveCfg = Release|Any CPU
		{DD9EA9DF-531E-4353-B941-1831A0F19917}.Release|Any CPU.Build.0 = Release|Any CPU
		{CA325440-46C0-49E0-9612-54A715FE1BCE}.Debug|Any CPU.ActiveCfg = Debug|Any CPU
		{CA325440-46C0-49E0-9612-54A715FE1BCE}.Debug|Any CPU.Build.0 = Debug|Any CPU
		{CA325440-46C0-49E0-9612-54A715FE1BCE}.Release|Any CPU.ActiveCfg = Release|Any CPU
		{CA325440-46C0-49E0-9612-54A715FE1BCE}.Release|Any CPU.Build.0 = Release|Any CPU
		{BAD4D40A-E3F7-442D-BE1E-792987D1B53F}.Debug|Any CPU.ActiveCfg = Debug|Any CPU
		{BAD4D40A-E3F7-442D-BE1E-792987D1B53F}.Debug|Any CPU.Build.0 = Debug|Any CPU
		{BAD4D40A-E3F7-442D-BE1E-792987D1B53F}.Release|Any CPU.ActiveCfg = Release|Any CPU
		{BAD4D40A-E3F7-442D-BE1E-792987D1B53F}.Release|Any CPU.Build.0 = Release|Any CPU
	EndGlobalSection
	GlobalSection(SolutionProperties) = preSolution
		HideSolutionNode = FALSE
	EndGlobalSection
	GlobalSection(NestedProjects) = preSolution
		{A66B1899-9B02-424F-9E1F-D1BBBC512669} = {CAAEE30D-C88C-44DC-B13E-C0123808C091}
		{0E1ED41D-6EBB-4BDD-B119-839C080F8DC5} = {A66B1899-9B02-424F-9E1F-D1BBBC512669}
		{A2BA9663-D14C-4C96-A41B-D5F565BDBAA7} = {D9A105AC-A159-4BBA-ABE0-32505CE1E3D5}
		{0A5B83B2-4C78-4364-8AF2-07ACAA5C9A00} = {CAAEE30D-C88C-44DC-B13E-C0123808C091}
		{CC163F47-D4F8-420B-ACE7-1FC9F185AB87} = {0A5B83B2-4C78-4364-8AF2-07ACAA5C9A00}
		{F9E845E7-81E5-4E8C-B231-004D590B2665} = {CAAEE30D-C88C-44DC-B13E-C0123808C091}
		{D4254754-D9CC-4D7F-B1C8-BE3FB2378BFD} = {F9E845E7-81E5-4E8C-B231-004D590B2665}
		{7A445B88-E9B1-4041-8C7F-3E28E15F972F} = {CAAEE30D-C88C-44DC-B13E-C0123808C091}
		{ED319350-FF4A-49F9-AA1F-672A74EB6F77} = {7A445B88-E9B1-4041-8C7F-3E28E15F972F}
		{6D6CF89D-2A49-41BA-91EA-8AD04384B99C} = {7A445B88-E9B1-4041-8C7F-3E28E15F972F}
		{63785133-BB4D-4597-AF1F-AE05283C93C3} = {7A445B88-E9B1-4041-8C7F-3E28E15F972F}
		{64CBA6B4-A57B-4F49-96A4-D75CBC2726CF} = {7A445B88-E9B1-4041-8C7F-3E28E15F972F}
		{DD9EA9DF-531E-4353-B941-1831A0F19917} = {D9A105AC-A159-4BBA-ABE0-32505CE1E3D5}
		{CA325440-46C0-49E0-9612-54A715FE1BCE} = {FE01113C-B30E-478D-82F1-53C05A1DB449}
		{BAD4D40A-E3F7-442D-BE1E-792987D1B53F} = {BC45E5CB-C70B-4186-8C70-98988CE91CA7}
	EndGlobalSection
	GlobalSection(ExtensibilityGlobals) = postSolution
		SolutionGuid = {61B34F55-3CC9-4F21-8111-5A1DEBA1A66C}
	EndGlobalSection
EndGlobal
